
Microsoft Visual Studio Solution File, Format Version 12.00
# Visual Studio 15
VisualStudioVersion = 15.0.28307.106
MinimumVisualStudioVersion = 10.0.40219.1
Project("{FAE04EC0-301F-11D3-BF4B-00C04F79EFBC}") = "Rehabilitation.Android", "Rehabilitation\Rehabilitation.Android\Rehabilitation.Android.csproj", "{8B12F5EF-E32A-47C7-B389-D968587DB73E}"
EndProject
Project("{9A19103F-16F7-4668-BE54-9A1E7A4F7556}") = "Rehabilitation", "Rehabilitation\Rehabilitation\Rehabilitation.csproj", "{0F9FD024-7C78-4E94-80DE-A4DC4F89C5E1}"
EndProject
Global
	GlobalSection(SolutionConfigurationPlatforms) = preSolution
		Debug|Any CPU = Debug|Any CPU
		Release|Any CPU = Release|Any CPU
	EndGlobalSection
	GlobalSection(ProjectConfigurationPlatforms) = postSolution
		{8B12F5EF-E32A-47C7-B389-D968587DB73E}.Debug|Any CPU.ActiveCfg = Debug|Any CPU
		{8B12F5EF-E32A-47C7-B389-D968587DB73E}.Debug|Any CPU.Build.0 = Debug|Any CPU
		{8B12F5EF-E32A-47C7-B389-D968587DB73E}.Debug|Any CPU.Deploy.0 = Debug|Any CPU
		{8B12F5EF-E32A-47C7-B389-D968587DB73E}.Release|Any CPU.ActiveCfg = Release|Any CPU
		{8B12F5EF-E32A-47C7-B389-D968587DB73E}.Release|Any CPU.Build.0 = Release|Any CPU
		{8B12F5EF-E32A-47C7-B389-D968587DB73E}.Release|Any CPU.Deploy.0 = Release|Any CPU
		{0F9FD024-7C78-4E94-80DE-A4DC4F89C5E1}.Debug|Any CPU.ActiveCfg = Debug|Any CPU
		{0F9FD024-7C78-4E94-80DE-A4DC4F89C5E1}.Debug|Any CPU.Build.0 = Debug|Any CPU
		{0F9FD024-7C78-4E94-80DE-A4DC4F89C5E1}.Release|Any CPU.ActiveCfg = Release|Any CPU
		{0F9FD024-7C78-4E94-80DE-A4DC4F89C5E1}.Release|Any CPU.Build.0 = Release|Any CPU
	EndGlobalSection
	GlobalSection(SolutionProperties) = preSolution
		HideSolutionNode = FALSE
	EndGlobalSection
	GlobalSection(ExtensibilityGlobals) = postSolution
		SolutionGuid = {1A0A6E58-4359-4FA5-9D86-C2CCAF9F81A7}
	EndGlobalSection
EndGlobal
